
Microsoft Visual Studio Solution File, Format Version 12.00
# Visual Studio Version 17
VisualStudioVersion = 17.4.33122.133
MinimumVisualStudioVersion = 10.0.40219.1
Project("{FAE04EC0-301F-11D3-BF4B-00C04F79EFBC}") = "eticket", "eticket\eticket.csproj", "{8ADCF20F-BEB2-4126-B8F7-5A7A08A67BFB}"
EndProject
Global
	GlobalSection(SolutionConfigurationPlatforms) = preSolution
		Debug|Any CPU = Debug|Any CPU
		Release|Any CPU = Release|Any CPU
	EndGlobalSection
	GlobalSection(ProjectConfigurationPlatforms) = postSolution
		{8ADCF20F-BEB2-4126-B8F7-5A7A08A67BFB}.Debug|Any CPU.ActiveCfg = Debug|Any CPU
		{8ADCF20F-BEB2-4126-B8F7-5A7A08A67BFB}.Debug|Any CPU.Build.0 = Debug|Any CPU
		{8ADCF20F-BEB2-4126-B8F7-5A7A08A67BFB}.Release|Any CPU.ActiveCfg = Release|Any CPU
		{8ADCF20F-BEB2-4126-B8F7-5A7A08A67BFB}.Release|Any CPU.Build.0 = Release|Any CPU
	EndGlobalSection
	GlobalSection(SolutionProperties) = preSolution
		HideSolutionNode = FALSE
	EndGlobalSection
	GlobalSection(ExtensibilityGlobals) = postSolution
		SolutionGuid = {3F45F17D-AE9E-4B14-B415-E02F1F811B44}
	EndGlobalSection
EndGlobal
